
Microsoft Visual Studio Solution File, Format Version 12.00
# Visual Studio Version 16
VisualStudioVersion = 16.0.31624.102
MinimumVisualStudioVersion = 10.0.40219.1
Project("{FAE04EC0-301F-11D3-BF4B-00C04F79EFBC}") = "APIRevivirDatos", "APIRevivirDatos\APIRevivirDatos.csproj", "{84BBD6BD-31B3-4089-9F86-B154C238BAB0}"
EndProject
Project("{FAE04EC0-301F-11D3-BF4B-00C04F79EFBC}") = "WcfServiceCity", "WcfServiceCity\WcfServiceCity.csproj", "{F4E0BCE4-3244-4F20-9577-A7CDDA3755A2}"
EndProject
Project("{FAE04EC0-301F-11D3-BF4B-00C04F79EFBC}") = "ApiRevivirDatos.Datos", "ApiRevivirDatos.Datos\ApiRevivirDatos.Datos.csproj", "{A6F48FBD-6A17-45CB-92CB-97A178D65DE1}"
EndProject
Global
	GlobalSection(SolutionConfigurationPlatforms) = preSolution
		Debug|Any CPU = Debug|Any CPU
		Release|Any CPU = Release|Any CPU
	EndGlobalSection
	GlobalSection(ProjectConfigurationPlatforms) = postSolution
		{84BBD6BD-31B3-4089-9F86-B154C238BAB0}.Debug|Any CPU.ActiveCfg = Debug|Any CPU
		{84BBD6BD-31B3-4089-9F86-B154C238BAB0}.Debug|Any CPU.Build.0 = Debug|Any CPU
		{84BBD6BD-31B3-4089-9F86-B154C238BAB0}.Release|Any CPU.ActiveCfg = Release|Any CPU
		{84BBD6BD-31B3-4089-9F86-B154C238BAB0}.Release|Any CPU.Build.0 = Release|Any CPU
		{F4E0BCE4-3244-4F20-9577-A7CDDA3755A2}.Debug|Any CPU.ActiveCfg = Debug|Any CPU
		{F4E0BCE4-3244-4F20-9577-A7CDDA3755A2}.Debug|Any CPU.Build.0 = Debug|Any CPU
		{F4E0BCE4-3244-4F20-9577-A7CDDA3755A2}.Release|Any CPU.ActiveCfg = Release|Any CPU
		{F4E0BCE4-3244-4F20-9577-A7CDDA3755A2}.Release|Any CPU.Build.0 = Release|Any CPU
		{A6F48FBD-6A17-45CB-92CB-97A178D65DE1}.Debug|Any CPU.ActiveCfg = Debug|Any CPU
		{A6F48FBD-6A17-45CB-92CB-97A178D65DE1}.Debug|Any CPU.Build.0 = Debug|Any CPU
		{A6F48FBD-6A17-45CB-92CB-97A178D65DE1}.Release|Any CPU.ActiveCfg = Release|Any CPU
		{A6F48FBD-6A17-45CB-92CB-97A178D65DE1}.Release|Any CPU.Build.0 = Release|Any CPU
	EndGlobalSection
	GlobalSection(SolutionProperties) = preSolution
		HideSolutionNode = FALSE
	EndGlobalSection
	GlobalSection(ExtensibilityGlobals) = postSolution
		SolutionGuid = {D8E32E1A-58FE-494D-9890-4FAFA85C9BF9}
	EndGlobalSection
EndGlobal
